// !$*UTF8*$!
{
	archiveVersion = 1;
	classes = {
	};
	objectVersion = 48;
	objects = {

/* Begin PBXBuildFile section */
		381B4CCF1FA0E9E700B61085 /* AppDelegate.m in Sources */ = {isa = PBXBuildFile; fileRef = 381B4CCE1FA0E9E700B61085 /* AppDelegate.m */; };
		381B4CD21FA0E9E700B61085 /* ViewController.m in Sources */ = {isa = PBXBuildFile; fileRef = 381B4CD11FA0E9E700B61085 /* ViewController.m */; };
		381B4CD51FA0E9E700B61085 /* Main.storyboard in Resources */ = {isa = PBXBuildFile; fileRef = 381B4CD31FA0E9E700B61085 /* Main.storyboard */; };
		381B4CD71FA0E9E700B61085 /* Assets.xcassets in Resources */ = {isa = PBXBuildFile; fileRef = 381B4CD61FA0E9E700B61085 /* Assets.xcassets */; };
		381B4CDA1FA0E9E700B61085 /* LaunchScreen.storyboard in Resources */ = {isa = PBXBuildFile; fileRef = 381B4CD81FA0E9E700B61085 /* LaunchScreen.storyboard */; };
		381B4CDD1FA0E9E700B61085 /* main.m in Sources */ = {isa = PBXBuildFile; fileRef = 381B4CDC1FA0E9E700B61085 /* main.m */; };
/* End PBXBuildFile section */

/* Begin PBXFileReference section */
		381B4CCA1FA0E9E700B61085 /* MapKit_Ex.app */ = {isa = PBXFileReference; explicitFileType = wrapper.application; includeInIndex = 0; path = MapKit_Ex.app; sourceTree = BUILT_PRODUCTS_DIR; };
		381B4CCD1FA0E9E700B61085 /* AppDelegate.h */ = {isa = PBXFileReference; lastKnownFileType = sourcecode.c.h; path = AppDelegate.h; sourceTree = "<group>"; };
		381B4CCE1FA0E9E700B61085 /* AppDelegate.m */ = {isa = PBXFileReference; lastKnownFileType = sourcecode.c.objc; path = AppDelegate.m; sourceTree = "<group>"; };
		381B4CD01FA0E9E700B61085 /* ViewController.h */ = {isa = PBXFileReference; lastKnownFileType = sourcecode.c.h; path = ViewController.h; sourceTree = "<group>"; };
		381B4CD11FA0E9E700B61085 /* ViewController.m */ = {isa = PBXFileReference; lastKnownFileType = sourcecode.c.objc; path = ViewController.m; sourceTree = "<group>"; };
		381B4CD41FA0E9E700B61085 /* Base */ = {isa = PBXFileReference; lastKnownFileType = file.storyboard; name = Base; path = Base.lproj/Main.storyboard; sourceTree = "<group>"; };
		381B4CD61FA0E9E700B61085 /* Assets.xcassets */ = {isa = PBXFileReference; lastKnownFileType = folder.assetcatalog; path = Assets.xcassets; sourceTree = "<group>"; };
		381B4CD91FA0E9E700B61085 /* Base */ = {isa = PBXFileReference; lastKnownFileType = file.storyboard; name = Base; path = Base.lproj/LaunchScreen.storyboard; sourceTree = "<group>"; };
		381B4CDB1FA0E9E700B61085 /* Info.plist */ = {isa = PBXFileReference; lastKnownFileType = text.plist.xml; path = Info.plist; sourceTree = "<group>"; };
		381B4CDC1FA0E9E700B61085 /* main.m */ = {isa = PBXFileReference; lastKnownFileType = sourcecode.c.objc; path = main.m; sourceTree = "<group>"; };
/* End PBXFileReference section */

/* Begin PBXFrameworksBuildPhase section */
		381B4CC71FA0E9E700B61085 /* Frameworks */ = {
			isa = PBXFrameworksBuildPhase;
			buildActionMask = 2147483647;
			files = (
			);
			runOnlyForDeploymentPostprocessing = 0;
		};
/* End PBXFrameworksBuildPhase section */

/* Begin PBXGroup section */
		381B4CC11FA0E9E700B61085 = {
			isa = PBXGroup;
			children = (
				381B4CCC1FA0E9E700B61085 /* MapKit_Ex */,
				381B4CCB1FA0E9E700B61085 /* Products */,
			);
			sourceTree = "<group>";
		};
		381B4CCB1FA0E9E700B61085 /* Products */ = {
			isa = PBXGroup;
			children = (
				381B4CCA1FA0E9E700B61085 /* MapKit_Ex.app */,
			);
			name = Products;
			sourceTree = "<group>";
		};
		381B4CCC1FA0E9E700B61085 /* MapKit_Ex */ = {
			isa = PBXGroup;
			children = (
				381B4CCD1FA0E9E700B61085 /* AppDelegate.h */,
				381B4CCE1FA0E9E700B61085 /* AppDelegate.m */,
				381B4CD01FA0E9E700B61085 /* ViewController.h */,
				381B4CD11FA0E9E700B61085 /* ViewController.m */,
				381B4CD31FA0E9E700B61085 /* Main.storyboard */,
				381B4CD61FA0E9E700B61085 /* Assets.xcassets */,
				381B4CD81FA0E9E700B61085 /* LaunchScreen.storyboard */,
				381B4CDB1FA0E9E700B61085 /* Info.plist */,
				381B4CDC1FA0E9E700B61085 /* main.m */,
			);
			path = MapKit_Ex;
			sourceTree = "<group>";
		};
/* End PBXGroup section */

/* Begin PBXNativeTarget section */
		381B4CC91FA0E9E700B61085 /* MapKit_Ex */ = {
			isa = PBXNativeTarget;
			buildConfigurationList = 381B4CE01FA0E9E700B61085 /* Build configuration list for PBXNativeTarget "MapKit_Ex" */;
			buildPhases = (
				381B4CC61FA0E9E700B61085 /* Sources */,
				381B4CC71FA0E9E700B61085 /* Frameworks */,
				381B4CC81FA0E9E700B61085 /* Resources */,
			);
			buildRules = (
			);
			dependencies = (
			);
			name = MapKit_Ex;
			productName = MapKit_Ex;
			productReference = 381B4CCA1FA0E9E700B61085 /* MapKit_Ex.app */;
			productType = "com.apple.product-type.application";
		};
/* End PBXNativeTarget section */

/* Begin PBXProject section */
		381B4CC21FA0E9E700B61085 /* Project object */ = {
			isa = PBXProject;
			attributes = {
				LastUpgradeCheck = 0900;
				ORGANIZATIONNAME = Plum;
				TargetAttributes = {
					381B4CC91FA0E9E700B61085 = {
						CreatedOnToolsVersion = 9.0;
						ProvisioningStyle = Automatic;
					};
				};
			};
			buildConfigurationList = 381B4CC51FA0E9E700B61085 /* Build configuration list for PBXProject "MapKit_Ex" */;
			compatibilityVersion = "Xcode 8.0";
			developmentRegion = en;
			hasScannedForEncodings = 0;
			knownRegions = (
				en,
				Base,
			);
			mainGroup = 381B4CC11FA0E9E700B61085;
			productRefGroup = 381B4CCB1FA0E9E700B61085 /* Products */;
			projectDirPath = "";
			projectRoot = "";
			targets = (
				381B4CC91FA0E9E700B61085 /* MapKit_Ex */,
			);
		};
/* End PBXProject section */

/* Begin PBXResourcesBuildPhase section */
		381B4CC81FA0E9E700B61085 /* Resources */ = {
			isa = PBXResourcesBuildPhase;
			buildActionMask = 2147483647;
			files = (
				381B4CDA1FA0E9E700B61085 /* LaunchScreen.storyboard in Resources */,
				381B4CD71FA0E9E700B61085 /* Assets.xcassets in Resources */,
				381B4CD51FA0E9E700B61085 /* Main.storyboard in Resources */,
			);
			runOnlyForDeploymentPostprocessing = 0;
		};
/* End PBXResourcesBuildPhase section */

/* Begin PBXSourcesBuildPhase section */
		381B4CC61FA0E9E700B61085 /* Sources */ = {
			isa = PBXSourcesBuildPhase;
			buildActionMask = 2147483647;
			files = (
				381B4CD21FA0E9E700B61085 /* ViewController.m in Sources */,
				381B4CDD1FA0E9E700B61085 /* main.m in Sources */,
				381B4CCF1FA0E9E700B61085 /* AppDelegate.m in Sources */,
			);
			runOnlyForDeploymentPostprocessing = 0;
		};
/* End PBXSourcesBuildPhase section */

/* Begin PBXVariantGroup section */
		381B4CD31FA0E9E700B61085 /* Main.storyboard */ = {
			isa = PBXVariantGroup;
			children = (
				381B4CD41FA0E9E700B61085 /* Base */,
			);
			name = Main.storyboard;
			sourceTree = "<group>";
		};
		381B4CD81FA0E9E700B61085 /* LaunchScreen.storyboard */ = {
			isa = PBXVariantGroup;
			children = (
				381B4CD91FA0E9E700B61085 /* Base */,
			);
			name = LaunchScreen.storyboard;
			sourceTree = "<group>";
		};
/* End PBXVariantGroup section */

/* Begin XCBuildConfiguration section */
		381B4CDE1FA0E9E700B61085 /* Debug */ = {
			isa = XCBuildConfiguration;
			buildSettings = {
				ALWAYS_SEARCH_USER_PATHS = NO;
				CLANG_ANALYZER_NONNULL = YES;
				CLANG_ANALYZER_NUMBER_OBJECT_CONVERSION = YES_AGGRESSIVE;
				CLANG_CXX_LANGUAGE_STANDARD = "gnu++14";
				CLANG_CXX_LIBRARY = "libc++";
				CLANG_ENABLE_MODULES = YES;
				CLANG_ENABLE_OBJC_ARC = YES;
				CLANG_WARN_BLOCK_CAPTURE_AUTORELEASING = YES;
				CLANG_WARN_BOOL_CONVERSION = YES;
				CLANG_WARN_COMMA = YES;
				CLANG_WARN_CONSTANT_CONVERSION = YES;
				CLANG_WARN_DIRECT_OBJC_ISA_USAGE = YES_ERROR;
				CLANG_WARN_DOCUMENTATION_COMMENTS = YES;
				CLANG_WARN_EMPTY_BODY = YES;
				CLANG_WARN_ENUM_CONVERSION = YES;
				CLANG_WARN_INFINITE_RECURSION = YES;
				CLANG_WARN_INT_CONVERSION = YES;
				CLANG_WARN_NON_LITERAL_NULL_CONVERSION = YES;
				CLANG_WARN_OBJC_LITERAL_CONVERSION = YES;
				CLANG_WARN_OBJC_ROOT_CLASS = YES_ERROR;
				CLANG_WARN_RANGE_LOOP_ANALYSIS = YES;
				CLANG_WARN_STRICT_PROTOTYPES = YES;
				CLANG_WARN_SUSPICIOUS_MOVE = YES;
				CLANG_WARN_UNGUARDED_AVAILABILITY = YES_AGGRESSIVE;
				CLANG_WARN_UNREACHABLE_CODE = YES;
				CLANG_WARN__DUPLICATE_METHOD_MATCH = YES;
				CODE_SIGN_IDENTITY = "iPhone Developer";
				COPY_PHASE_STRIP = NO;
				DEBUG_INFORMATION_FORMAT = dwarf;
				ENABLE_STRICT_OBJC_MSGSEND = YES;
				ENABLE_TESTABILITY = YES;
				GCC_C_LANGUAGE_STANDARD = gnu11;
				GCC_DYNAMIC_NO_PIC = NO;
				GCC_NO_COMMON_BLOCKS = YES;
				GCC_OPTIMIZATION_LEVEL = 0;
				GCC_PREPROCESSOR_DEFINITIONS = (
					"DEBUG=1",
					"$(inherited)",
				);
				GCC_WARN_64_TO_32_BIT_CONVERSION = YES;
				GCC_WARN_ABOUT_RETURN_TYPE = YES_ERROR;
				GCC_WARN_UNDECLARED_SELECTOR = YES;
				GCC_WARN_UNINITIALIZED_AUTOS = YES_AGGRESSIVE;
				GCC_WARN_UNUSED_FUNCTION = YES;
				GCC_WARN_UNUSED_VARIABLE = YES;
				IPHONEOS_DEPLOYMENT_TARGET = 11.0;
				MTL_ENABLE_DEBUG_INFO = YES;
				ONLY_ACTIVE_ARCH = YES;
				SDKROOT = iphoneos;
			};
			name = Debug;
		};
		381B4CDF1FA0E9E700B61085 /* Release */ = {
			isa = XCBuildConfiguration;
			buildSettings = {
				ALWAYS_SEARCH_USER_PATHS = NO;
				CLANG_ANALYZER_NONNULL = YES;
				CLANG_ANALYZER_NUMBER_OBJECT_CONVERSION = YES_AGGRESSIVE;
				CLANG_CXX_LANGUAGE_STANDARD = "gnu++14";
				CLANG_CXX_LIBRARY = "libc++";
				CLANG_ENABLE_MODULES = YES;
				CLANG_ENABLE_OBJC_ARC = YES;
				CLANG_WARN_BLOCK_CAPTURE_AUTORELEASING = YES;
				CLANG_WARN_BOOL_CONVERSION = YES;
				CLANG_WARN_COMMA = YES;
				CLANG_WARN_CONSTANT_CONVERSION = YES;
				CLANG_WARN_DIRECT_OBJC_ISA_USAGE = YES_ERROR;
				CLANG_WARN_DOCUMENTATION_COMMENTS = YES;
				CLANG_WARN_EMPTY_BODY = YES;
				CLANG_WARN_ENUM_CONVERSION = YES;
				CLANG_WARN_INFINITE_RECURSION = YES;
				CLANG_WARN_INT_CONVERSION = YES;
				CLANG_WARN_NON_LITERAL_NULL_CONVERSION = YES;
				CLANG_WARN_OBJC_LITERAL_CONVERSION = YES;
				CLANG_WARN_OBJC_ROOT_CLASS = YES_ERROR;
				CLANG_WARN_RANGE_LOOP_ANALYSIS = YES;
				CLANG_WARN_STRICT_PROTOTYPES = YES;
				CLANG_WARN_SUSPICIOUS_MOVE = YES;
				CLANG_WARN_UNGUARDED_AVAILABILITY = YES_AGGRESSIVE;
				CLANG_WARN_UNREACHABLE_CODE = YES;
				CLANG_WARN__DUPLICATE_METHOD_MATCH = YES;
				CODE_SIGN_IDENTITY = "iPhone Developer";
				COPY_PHASE_STRIP = NO;
				DEBUG_INFORMATION_FORMAT = "dwarf-with-dsym";
				ENABLE_NS_ASSERTIONS = NO;
				ENABLE_STRICT_OBJC_MSGSEND = YES;
				GCC_C_LANGUAGE_STANDARD = gnu11;
				GCC_NO_COMMON_BLOCKS = YES;
				GCC_WARN_64_TO_32_BIT_CONVERSION = YES;
				GCC_WARN_ABOUT_RETURN_TYPE = YES_ERROR;
				GCC_WARN_UNDECLARED_SELECTOR = YES;
				GCC_WARN_UNINITIALIZED_AUTOS = YES_AGGRESSIVE;
				GCC_WARN_UNUSED_FUNCTION = YES;
				GCC_WARN_UNUSED_VARIABLE = YES;
				IPHONEOS_DEPLOYMENT_TARGET = 11.0;
				MTL_ENABLE_DEBUG_INFO = NO;
				SDKROOT = iphoneos;
				VALIDATE_PRODUCT = YES;
			};
			name = Release;
		};
		381B4CE11FA0E9E700B61085 /* Debug */ = {
			isa = XCBuildConfiguration;
			buildSettings = {
				ASSETCATALOG_COMPILER_APPICON_NAME = AppIcon;
				CODE_SIGN_STYLE = Automatic;
				DEVELOPMENT_TEAM = R86UW7Z2FX;
				INFOPLIST_FILE = MapKit_Ex/Info.plist;
				LD_RUNPATH_SEARCH_PATHS = "$(inherited) @executable_path/Frameworks";
				PRODUCT_BUNDLE_IDENTIFIER = "com.plum.MapKit-Ex";
				PRODUCT_NAME = "$(TARGET_NAME)";
				TARGETED_DEVICE_FAMILY = "1,2";
			};
			name = Debug;
		};
		381B4CE21FA0E9E700B61085 /* Release */ = {
			isa = XCBuildConfiguration;
			buildSettings = {
				ASSETCATALOG_COMPILER_APPICON_NAME = AppIcon;
				CODE_SIGN_STYLE = Automatic;
				DEVELOPMENT_TEAM = R86UW7Z2FX;
				INFOPLIST_FILE = MapKit_Ex/Info.plist;
				LD_RUNPATH_SEARCH_PATHS = "$(inherited) @executable_path/Frameworks";
				PRODUCT_BUNDLE_IDENTIFIER = "com.plum.MapKit-Ex";
				PRODUCT_NAME = "$(TARGET_NAME)";
				TARGETED_DEVICE_FAMILY = "1,2";
			};
			name = Release;
		};
/* End XCBuildConfiguration section */

/* Begin XCConfigurationList section */
		381B4CC51FA0E9E700B61085 /* Build configuration list for PBXProject "MapKit_Ex" */ = {
			isa = XCConfigurationList;
			buildConfigurations = (
				381B4CDE1FA0E9E700B61085 /* Debug */,
				381B4CDF1FA0E9E700B61085 /* Release */,
			);
			defaultConfigurationIsVisible = 0;
			defaultConfigurationName = Release;
		};
		381B4CE01FA0E9E700B61085 /* Build configuration list for PBXNativeTarget "MapKit_Ex" */ = {
			isa = XCConfigurationList;
			buildConfigurations = (
				381B4CE11FA0E9E700B61085 /* Debug */,
				381B4CE21FA0E9E700B61085 /* Release */,
			);
			defaultConfigurationIsVisible = 0;
			defaultConfigurationName = Release;
		};
/* End XCConfigurationList section */
	};
	rootObject = 381B4CC21FA0E9E700B61085 /* Project object */;
}
